
Microsoft Visual Studio Solution File, Format Version 12.00
# Visual Studio Version 17
VisualStudioVersion = 17.14.36310.24 d17.14
MinimumVisualStudioVersion = 10.0.40219.1
Project("{D2ABAB84-BF74-430A-B69E-9DC6D40DDA17}") = "Monitoring_v2", "Monitoring_v2.dwproj", "{1AC9F89E-9F89-E564-878E-5C661829F45A}"
EndProject
Global
	GlobalSection(SolutionConfigurationPlatforms) = preSolution
		Development|Default = Development|Default
	EndGlobalSection
	GlobalSection(ProjectConfigurationPlatforms) = postSolution
		{1AC9F89E-9F89-E564-878E-5C661829F45A}.Development|Default.ActiveCfg = Development
		{1AC9F89E-9F89-E564-878E-5C661829F45A}.Development|Default.Build.0 = Development
		{1AC9F89E-9F89-E564-878E-5C661829F45A}.Development|Default.Deploy.0 = Development
	EndGlobalSection
	GlobalSection(SolutionProperties) = preSolution
		HideSolutionNode = FALSE
	EndGlobalSection
	GlobalSection(ExtensibilityGlobals) = postSolution
		SolutionGuid = {D6B468ED-610C-4231-A76A-FE0C30545699}
	EndGlobalSection
EndGlobal
